// !$*UTF8*$!
{
	archiveVersion = 1;
	classes = {
	};
	objectVersion = 46;
	objects = {

/* Begin PBXFileReference section */
		96671A1D1B8AB8E0000C4287 /* UIImage+Jason.h */ = {isa = PBXFileReference; lastKnownFileType = sourcecode.c.h; path = "UIImage+Jason.h"; sourceTree = "<group>"; };
		96671A1E1B8AB8E0000C4287 /* UIImage+Jason.m */ = {isa = PBXFileReference; lastKnownFileType = sourcecode.c.objc; path = "UIImage+Jason.m"; sourceTree = "<group>"; };
/* End PBXFileReference section */

/* Begin PBXGroup section */
		96671A151B8AB8A6000C4287 = {
			isa = PBXGroup;
			children = (
				96671A1C1B8AB8C0000C4287 /* jasonkit */,
			);
			sourceTree = "<group>";
		};
		96671A1C1B8AB8C0000C4287 /* jasonkit */ = {
			isa = PBXGroup;
			children = (
				96671A1D1B8AB8E0000C4287 /* UIImage+Jason.h */,
				96671A1E1B8AB8E0000C4287 /* UIImage+Jason.m */,
			);
			path = jasonkit;
			sourceTree = "<group>";
		};
/* End PBXGroup section */

/* Begin PBXProject section */
		96671A161B8AB8A6000C4287 /* Project object */ = {
			isa = PBXProject;
			attributes = {
				LastUpgradeCheck = 0610;
			};
			buildConfigurationList = 96671A191B8AB8A6000C4287 /* Build configuration list for PBXProject "jasonkit" */;
			compatibilityVersion = "Xcode 3.2";
			developmentRegion = English;
			hasScannedForEncodings = 0;
			knownRegions = (
				en,
			);
			mainGroup = 96671A151B8AB8A6000C4287;
			projectDirPath = "";
			projectRoot = "";
			targets = (
			);
		};
/* End PBXProject section */

/* Begin XCBuildConfiguration section */
		96671A1A1B8AB8A6000C4287 /* Debug */ = {
			isa = XCBuildConfiguration;
			buildSettings = {
			};
			name = Debug;
		};
		96671A1B1B8AB8A6000C4287 /* Release */ = {
			isa = XCBuildConfiguration;
			buildSettings = {
			};
			name = Release;
		};
/* End XCBuildConfiguration section */

/* Begin XCConfigurationList section */
		96671A191B8AB8A6000C4287 /* Build configuration list for PBXProject "jasonkit" */ = {
			isa = XCConfigurationList;
			buildConfigurations = (
				96671A1A1B8AB8A6000C4287 /* Debug */,
				96671A1B1B8AB8A6000C4287 /* Release */,
			);
			defaultConfigurationIsVisible = 0;
			defaultConfigurationName = Release;
		};
/* End XCConfigurationList section */
	};
	rootObject = 96671A161B8AB8A6000C4287 /* Project object */;
}
